// !$*UTF8*$!
{
	archiveVersion = 1;
	classes = {
	};
	objectVersion = 46;
	objects = {

/* Begin PBXBuildFile section */
		1B04FAD81CDC531D00384AAC /* main.m in Sources */ = {isa = PBXBuildFile; fileRef = 1B04FAD71CDC531D00384AAC /* main.m */; };
/* End PBXBuildFile section */

/* Begin PBXCopyFilesBuildPhase section */
		1B04FAD21CDC531D00384AAC /* CopyFiles */ = {
			isa = PBXCopyFilesBuildPhase;
			buildActionMask = 2147483647;
			dstPath = /usr/share/man/man1/;
			dstSubfolderSpec = 0;
			files = (
			);
			runOnlyForDeploymentPostprocessing = 1;
		};
/* End PBXCopyFilesBuildPhase section */

/* Begin PBXFileReference section */
		1B04FAD41CDC531D00384AAC /* FileSize */ = {isa = PBXFileReference; explicitFileType = "compiled.mach-o.executable"; includeInIndex = 0; path = FileSize; sourceTree = BUILT_PRODUCTS_DIR; };
		1B04FAD71CDC531D00384AAC /* main.m */ = {isa = PBXFileReference; lastKnownFileType = sourcecode.c.objc; path = main.m; sourceTree = "<group>"; };
		1B04FADE1CDC538F00384AAC /* Screen Shot 2016-05-05 at 3.57.43 PM.png */ = {isa = PBXFileReference; lastKnownFileType = image.png; name = "Screen Shot 2016-05-05 at 3.57.43 PM.png"; path = "../../../../Desktop/Screen Shot 2016-05-05 at 3.57.43 PM.png"; sourceTree = "<group>"; };
/* End PBXFileReference section */

/* Begin PBXFrameworksBuildPhase section */
		1B04FAD11CDC531D00384AAC /* Frameworks */ = {
			isa = PBXFrameworksBuildPhase;
			buildActionMask = 2147483647;
			files = (
			);
			runOnlyForDeploymentPostprocessing = 0;
		};
/* End PBXFrameworksBuildPhase section */

/* Begin PBXGroup section */
		1B04FACB1CDC531D00384AAC = {
			isa = PBXGroup;
			children = (
				1B04FAD61CDC531D00384AAC /* FileSize */,
				1B04FAD51CDC531D00384AAC /* Products */,
			);
			sourceTree = "<group>";
		};
		1B04FAD51CDC531D00384AAC /* Products */ = {
			isa = PBXGroup;
			children = (
				1B04FAD41CDC531D00384AAC /* FileSize */,
			);
			name = Products;
			sourceTree = "<group>";
		};
		1B04FAD61CDC531D00384AAC /* FileSize */ = {
			isa = PBXGroup;
			children = (
				1B04FAD71CDC531D00384AAC /* main.m */,
				1B04FADE1CDC538F00384AAC /* Screen Shot 2016-05-05 at 3.57.43 PM.png */,
			);
			path = FileSize;
			sourceTree = "<group>";
		};
/* End PBXGroup section */

/* Begin PBXNativeTarget section */
		1B04FAD31CDC531D00384AAC /* FileSize */ = {
			isa = PBXNativeTarget;
			buildConfigurationList = 1B04FADB1CDC531D00384AAC /* Build configuration list for PBXNativeTarget "FileSize" */;
			buildPhases = (
				1B04FAD01CDC531D00384AAC /* Sources */,
				1B04FAD11CDC531D00384AAC /* Frameworks */,
				1B04FAD21CDC531D00384AAC /* CopyFiles */,
			);
			buildRules = (
			);
			dependencies = (
			);
			name = FileSize;
			productName = FileSize;
			productReference = 1B04FAD41CDC531D00384AAC /* FileSize */;
			productType = "com.apple.product-type.tool";
		};
/* End PBXNativeTarget section */

/* Begin PBXProject section */
		1B04FACC1CDC531D00384AAC /* Project object */ = {
			isa = PBXProject;
			attributes = {
				LastUpgradeCheck = 0730;
				ORGANIZATIONNAME = "RYAN ROSELLO";
				TargetAttributes = {
					1B04FAD31CDC531D00384AAC = {
						CreatedOnToolsVersion = 7.3;
					};
				};
			};
			buildConfigurationList = 1B04FACF1CDC531D00384AAC /* Build configuration list for PBXProject "FileSize" */;
			compatibilityVersion = "Xcode 3.2";
			developmentRegion = English;
			hasScannedForEncodings = 0;
			knownRegions = (
				en,
			);
			mainGroup = 1B04FACB1CDC531D00384AAC;
			productRefGroup = 1B04FAD51CDC531D00384AAC /* Products */;
			projectDirPath = "";
			projectRoot = "";
			targets = (
				1B04FAD31CDC531D00384AAC /* FileSize */,
			);
		};
/* End PBXProject section */

/* Begin PBXSourcesBuildPhase section */
		1B04FAD01CDC531D00384AAC /* Sources */ = {
			isa = PBXSourcesBuildPhase;
			buildActionMask = 2147483647;
			files = (
				1B04FAD81CDC531D00384AAC /* main.m in Sources */,
			);
			runOnlyForDeploymentPostprocessing = 0;
		};
/* End PBXSourcesBuildPhase section */

/* Begin XCBuildConfiguration section */
		1B04FAD91CDC531D00384AAC /* Debug */ = {
			isa = XCBuildConfiguration;
			buildSettings = {
				ALWAYS_SEARCH_USER_PATHS = NO;
				CLANG_ANALYZER_NONNULL = YES;
				CLANG_CXX_LANGUAGE_STANDARD = "gnu++0x";
				CLANG_CXX_LIBRARY = "libc++";
				CLANG_ENABLE_MODULES = YES;
				CLANG_ENABLE_OBJC_ARC = YES;
				CLANG_WARN_BOOL_CONVERSION = YES;
				CLANG_WARN_CONSTANT_CONVERSION = YES;
				CLANG_WARN_DIRECT_OBJC_ISA_USAGE = YES_ERROR;
				CLANG_WARN_EMPTY_BODY = YES;
				CLANG_WARN_ENUM_CONVERSION = YES;
				CLANG_WARN_INT_CONVERSION = YES;
				CLANG_WARN_OBJC_ROOT_CLASS = YES_ERROR;
				CLANG_WARN_UNREACHABLE_CODE = YES;
				CLANG_WARN__DUPLICATE_METHOD_MATCH = YES;
				CODE_SIGN_IDENTITY = "-";
				COPY_PHASE_STRIP = NO;
				DEBUG_INFORMATION_FORMAT = dwarf;
				ENABLE_STRICT_OBJC_MSGSEND = YES;
				ENABLE_TESTABILITY = YES;
				GCC_C_LANGUAGE_STANDARD = gnu99;
				GCC_DYNAMIC_NO_PIC = NO;
				GCC_NO_COMMON_BLOCKS = YES;
				GCC_OPTIMIZATION_LEVEL = 0;
				GCC_PREPROCESSOR_DEFINITIONS = (
					"DEBUG=1",
					"$(inherited)",
				);
				GCC_WARN_64_TO_32_BIT_CONVERSION = YES;
				GCC_WARN_ABOUT_RETURN_TYPE = YES_ERROR;
				GCC_WARN_UNDECLARED_SELECTOR = YES;
				GCC_WARN_UNINITIALIZED_AUTOS = YES_AGGRESSIVE;
				GCC_WARN_UNUSED_FUNCTION = YES;
				GCC_WARN_UNUSED_VARIABLE = YES;
				MACOSX_DEPLOYMENT_TARGET = 10.11;
				MTL_ENABLE_DEBUG_INFO = YES;
				ONLY_ACTIVE_ARCH = YES;
				SDKROOT = macosx;
			};
			name = Debug;
		};
		1B04FADA1CDC531D00384AAC /* Release */ = {
			isa = XCBuildConfiguration;
			buildSettings = {
				ALWAYS_SEARCH_USER_PATHS = NO;
				CLANG_ANALYZER_NONNULL = YES;
				CLANG_CXX_LANGUAGE_STANDARD = "gnu++0x";
				CLANG_CXX_LIBRARY = "libc++";
				CLANG_ENABLE_MODULES = YES;
				CLANG_ENABLE_OBJC_ARC = YES;
				CLANG_WARN_BOOL_CONVERSION = YES;
				CLANG_WARN_CONSTANT_CONVERSION = YES;
				CLANG_WARN_DIRECT_OBJC_ISA_USAGE = YES_ERROR;
				CLANG_WARN_EMPTY_BODY = YES;
				CLANG_WARN_ENUM_CONVERSION = YES;
				CLANG_WARN_INT_CONVERSION = YES;
				CLANG_WARN_OBJC_ROOT_CLASS = YES_ERROR;
				CLANG_WARN_UNREACHABLE_CODE = YES;
				CLANG_WARN__DUPLICATE_METHOD_MATCH = YES;
				CODE_SIGN_IDENTITY = "-";
				COPY_PHASE_STRIP = NO;
				DEBUG_INFORMATION_FORMAT = "dwarf-with-dsym";
				ENABLE_NS_ASSERTIONS = NO;
				ENABLE_STRICT_OBJC_MSGSEND = YES;
				GCC_C_LANGUAGE_STANDARD = gnu99;
				GCC_NO_COMMON_BLOCKS = YES;
				GCC_WARN_64_TO_32_BIT_CONVERSION = YES;
				GCC_WARN_ABOUT_RETURN_TYPE = YES_ERROR;
				GCC_WARN_UNDECLARED_SELECTOR = YES;
				GCC_WARN_UNINITIALIZED_AUTOS = YES_AGGRESSIVE;
				GCC_WARN_UNUSED_FUNCTION = YES;
				GCC_WARN_UNUSED_VARIABLE = YES;
				MACOSX_DEPLOYMENT_TARGET = 10.11;
				MTL_ENABLE_DEBUG_INFO = NO;
				SDKROOT = macosx;
			};
			name = Release;
		};
		1B04FADC1CDC531D00384AAC /* Debug */ = {
			isa = XCBuildConfiguration;
			buildSettings = {
				PRODUCT_NAME = "$(TARGET_NAME)";
			};
			name = Debug;
		};
		1B04FADD1CDC531D00384AAC /* Release */ = {
			isa = XCBuildConfiguration;
			buildSettings = {
				PRODUCT_NAME = "$(TARGET_NAME)";
			};
			name = Release;
		};
/* End XCBuildConfiguration section */

/* Begin XCConfigurationList section */
		1B04FACF1CDC531D00384AAC /* Build configuration list for PBXProject "FileSize" */ = {
			isa = XCConfigurationList;
			buildConfigurations = (
				1B04FAD91CDC531D00384AAC /* Debug */,
				1B04FADA1CDC531D00384AAC /* Release */,
			);
			defaultConfigurationIsVisible = 0;
			defaultConfigurationName = Release;
		};
		1B04FADB1CDC531D00384AAC /* Build configuration list for PBXNativeTarget "FileSize" */ = {
			isa = XCConfigurationList;
			buildConfigurations = (
				1B04FADC1CDC531D00384AAC /* Debug */,
				1B04FADD1CDC531D00384AAC /* Release */,
			);
			defaultConfigurationIsVisible = 0;
		};
/* End XCConfigurationList section */
	};
	rootObject = 1B04FACC1CDC531D00384AAC /* Project object */;
}
